
Microsoft Visual Studio Solution File, Format Version 12.00
# Visual Studio Version 17
VisualStudioVersion = 17.2.32616.157
MinimumVisualStudioVersion = 10.0.40219.1
Project("{FAE04EC0-301F-11D3-BF4B-00C04F79EFBC}") = "InMemoryCaching", "InMemoryCaching\InMemoryCaching.csproj", "{F2261083-1061-4359-83B5-3550A37A7FAE}"
EndProject
Global
	GlobalSection(SolutionConfigurationPlatforms) = preSolution
		Debug|Any CPU = Debug|Any CPU
		Release|Any CPU = Release|Any CPU
	EndGlobalSection
	GlobalSection(ProjectConfigurationPlatforms) = postSolution
		{F2261083-1061-4359-83B5-3550A37A7FAE}.Debug|Any CPU.ActiveCfg = Debug|Any CPU
		{F2261083-1061-4359-83B5-3550A37A7FAE}.Debug|Any CPU.Build.0 = Debug|Any CPU
		{F2261083-1061-4359-83B5-3550A37A7FAE}.Release|Any CPU.ActiveCfg = Release|Any CPU
		{F2261083-1061-4359-83B5-3550A37A7FAE}.Release|Any CPU.Build.0 = Release|Any CPU
	EndGlobalSection
	GlobalSection(SolutionProperties) = preSolution
		HideSolutionNode = FALSE
	EndGlobalSection
	GlobalSection(ExtensibilityGlobals) = postSolution
		SolutionGuid = {132D04B1-172C-4401-A60F-43BB37071417}
	EndGlobalSection
EndGlobal
